
Microsoft Visual Studio Solution File, Format Version 12.00
# Visual Studio Version 16
VisualStudioVersion = 16.0.29905.134
MinimumVisualStudioVersion = 10.0.40219.1
Project("{FAE04EC0-301F-11D3-BF4B-00C04F79EFBC}") = "ToastNotificationBlazor", "ToastNotificationBlazor.csproj", "{D09A153B-2751-419E-8285-96CC3A2DFDDF}"
EndProject
Global
	GlobalSection(SolutionConfigurationPlatforms) = preSolution
		Debug|Any CPU = Debug|Any CPU
		Release|Any CPU = Release|Any CPU
	EndGlobalSection
	GlobalSection(ProjectConfigurationPlatforms) = postSolution
		{D09A153B-2751-419E-8285-96CC3A2DFDDF}.Debug|Any CPU.ActiveCfg = Debug|Any CPU
		{D09A153B-2751-419E-8285-96CC3A2DFDDF}.Debug|Any CPU.Build.0 = Debug|Any CPU
		{D09A153B-2751-419E-8285-96CC3A2DFDDF}.Release|Any CPU.ActiveCfg = Release|Any CPU
		{D09A153B-2751-419E-8285-96CC3A2DFDDF}.Release|Any CPU.Build.0 = Release|Any CPU
	EndGlobalSection
	GlobalSection(SolutionProperties) = preSolution
		HideSolutionNode = FALSE
	EndGlobalSection
	GlobalSection(ExtensibilityGlobals) = postSolution
		SolutionGuid = {4BCD2AD1-5679-4AD3-AAC7-0B90F56CB9B3}
	EndGlobalSection
EndGlobal
